
Microsoft Visual Studio Solution File, Format Version 12.00
# Visual Studio Version 17
VisualStudioVersion = 17.7.34031.279
MinimumVisualStudioVersion = 10.0.40219.1
Project("{FAE04EC0-301F-11D3-BF4B-00C04F79EFBC}") = "UrunTakipSistemiEntity", "UrunTakipSistemiEntity\UrunTakipSistemiEntity.csproj", "{4F3E1C8E-13E3-4BAE-8667-F1CFB8A2B061}"
EndProject
Global
	GlobalSection(SolutionConfigurationPlatforms) = preSolution
		Debug|Any CPU = Debug|Any CPU
		Release|Any CPU = Release|Any CPU
	EndGlobalSection
	GlobalSection(ProjectConfigurationPlatforms) = postSolution
		{4F3E1C8E-13E3-4BAE-8667-F1CFB8A2B061}.Debug|Any CPU.ActiveCfg = Debug|Any CPU
		{4F3E1C8E-13E3-4BAE-8667-F1CFB8A2B061}.Debug|Any CPU.Build.0 = Debug|Any CPU
		{4F3E1C8E-13E3-4BAE-8667-F1CFB8A2B061}.Release|Any CPU.ActiveCfg = Release|Any CPU
		{4F3E1C8E-13E3-4BAE-8667-F1CFB8A2B061}.Release|Any CPU.Build.0 = Release|Any CPU
	EndGlobalSection
	GlobalSection(SolutionProperties) = preSolution
		HideSolutionNode = FALSE
	EndGlobalSection
	GlobalSection(ExtensibilityGlobals) = postSolution
		SolutionGuid = {8A990728-8E8D-496C-B767-BBB59943EB2F}
	EndGlobalSection
EndGlobal
